
Microsoft Visual Studio Solution File, Format Version 12.00
# Visual Studio 15
VisualStudioVersion = 15.0.28307.779
MinimumVisualStudioVersion = 10.0.40219.1
Project("{FAE04EC0-301F-11D3-BF4B-00C04F79EFBC}") = "SerialExchange", "SerialExchange\SerialExchange.csproj", "{18CCAB95-2DDA-4801-8DD7-35F99033F906}"
EndProject
Global
	GlobalSection(SolutionConfigurationPlatforms) = preSolution
		Debug|Any CPU = Debug|Any CPU
		Release|Any CPU = Release|Any CPU
	EndGlobalSection
	GlobalSection(ProjectConfigurationPlatforms) = postSolution
		{18CCAB95-2DDA-4801-8DD7-35F99033F906}.Debug|Any CPU.ActiveCfg = Debug|Any CPU
		{18CCAB95-2DDA-4801-8DD7-35F99033F906}.Debug|Any CPU.Build.0 = Debug|Any CPU
		{18CCAB95-2DDA-4801-8DD7-35F99033F906}.Release|Any CPU.ActiveCfg = Release|Any CPU
		{18CCAB95-2DDA-4801-8DD7-35F99033F906}.Release|Any CPU.Build.0 = Release|Any CPU
	EndGlobalSection
	GlobalSection(SolutionProperties) = preSolution
		HideSolutionNode = FALSE
	EndGlobalSection
	GlobalSection(ExtensibilityGlobals) = postSolution
		SolutionGuid = {C2433D85-AABF-46A7-9B8B-72E7ED16F8B3}
	EndGlobalSection
EndGlobal
